
Microsoft Visual Studio Solution File, Format Version 12.00
# Visual Studio Version 16
VisualStudioVersion = 16.0.29920.165
MinimumVisualStudioVersion = 10.0.40219.1
Project("{8BC9CEB8-8B4A-11D0-8D11-00A0C91BC942}") = "blobgen", "blobgen\blobgen.vcxproj", "{76BE7130-B35F-4519-A49F-DB3FFD061C9D}"
EndProject
Global
	GlobalSection(SolutionConfigurationPlatforms) = preSolution
		Debug|x64 = Debug|x64
		Debug|x86 = Debug|x86
		Release|x64 = Release|x64
		Release|x86 = Release|x86
	EndGlobalSection
	GlobalSection(ProjectConfigurationPlatforms) = postSolution
		{76BE7130-B35F-4519-A49F-DB3FFD061C9D}.Debug|x64.ActiveCfg = Debug|x64
		{76BE7130-B35F-4519-A49F-DB3FFD061C9D}.Debug|x64.Build.0 = Debug|x64
		{76BE7130-B35F-4519-A49F-DB3FFD061C9D}.Debug|x86.ActiveCfg = Debug|Win32
		{76BE7130-B35F-4519-A49F-DB3FFD061C9D}.Debug|x86.Build.0 = Debug|Win32
		{76BE7130-B35F-4519-A49F-DB3FFD061C9D}.Release|x64.ActiveCfg = Release|x64
		{76BE7130-B35F-4519-A49F-DB3FFD061C9D}.Release|x64.Build.0 = Release|x64
		{76BE7130-B35F-4519-A49F-DB3FFD061C9D}.Release|x86.ActiveCfg = Release|Win32
		{76BE7130-B35F-4519-A49F-DB3FFD061C9D}.Release|x86.Build.0 = Release|Win32
	EndGlobalSection
	GlobalSection(SolutionProperties) = preSolution
		HideSolutionNode = FALSE
	EndGlobalSection
	GlobalSection(ExtensibilityGlobals) = postSolution
		SolutionGuid = {638299FF-3359-4449-8947-25F9B2080758}
	EndGlobalSection
EndGlobal
